
Microsoft Visual Studio Solution File, Format Version 12.00
# Visual Studio Version 17
VisualStudioVersion = 17.0.32014.148
MinimumVisualStudioVersion = 10.0.40219.1
Project("{9A19103F-16F7-4668-BE54-9A1E7A4F7556}") = "DowJones.DAL", "DAL\DowJones.DAL.csproj", "{539482B0-2A42-44C9-BEEA-00EE6A9799C4}"
EndProject
Project("{9A19103F-16F7-4668-BE54-9A1E7A4F7556}") = "DowJones.BLL", "BLL\DowJones.BLL.csproj", "{770CA6E4-A689-45A9-A994-4009AAEACB32}"
EndProject
Project("{FAE04EC0-301F-11D3-BF4B-00C04F79EFBC}") = "DowJones.Models", "Models\DowJones.Models.csproj", "{2A97AE6B-8327-4594-9654-15B776D012A1}"
EndProject
Global
	GlobalSection(SolutionConfigurationPlatforms) = preSolution
		Debug|Any CPU = Debug|Any CPU
		Publish|Any CPU = Publish|Any CPU
		Release|Any CPU = Release|Any CPU
		Test|Any CPU = Test|Any CPU
	EndGlobalSection
	GlobalSection(ProjectConfigurationPlatforms) = postSolution
		{539482B0-2A42-44C9-BEEA-00EE6A9799C4}.Debug|Any CPU.ActiveCfg = Debug|Any CPU
		{539482B0-2A42-44C9-BEEA-00EE6A9799C4}.Debug|Any CPU.Build.0 = Debug|Any CPU
		{539482B0-2A42-44C9-BEEA-00EE6A9799C4}.Publish|Any CPU.ActiveCfg = Publish|Any CPU
		{539482B0-2A42-44C9-BEEA-00EE6A9799C4}.Publish|Any CPU.Build.0 = Publish|Any CPU
		{539482B0-2A42-44C9-BEEA-00EE6A9799C4}.Release|Any CPU.ActiveCfg = Release|Any CPU
		{539482B0-2A42-44C9-BEEA-00EE6A9799C4}.Release|Any CPU.Build.0 = Release|Any CPU
		{539482B0-2A42-44C9-BEEA-00EE6A9799C4}.Test|Any CPU.ActiveCfg = Test|Any CPU
		{539482B0-2A42-44C9-BEEA-00EE6A9799C4}.Test|Any CPU.Build.0 = Test|Any CPU
		{770CA6E4-A689-45A9-A994-4009AAEACB32}.Debug|Any CPU.ActiveCfg = Debug|Any CPU
		{770CA6E4-A689-45A9-A994-4009AAEACB32}.Debug|Any CPU.Build.0 = Debug|Any CPU
		{770CA6E4-A689-45A9-A994-4009AAEACB32}.Publish|Any CPU.ActiveCfg = Publish|Any CPU
		{770CA6E4-A689-45A9-A994-4009AAEACB32}.Publish|Any CPU.Build.0 = Publish|Any CPU
		{770CA6E4-A689-45A9-A994-4009AAEACB32}.Release|Any CPU.ActiveCfg = Release|Any CPU
		{770CA6E4-A689-45A9-A994-4009AAEACB32}.Release|Any CPU.Build.0 = Release|Any CPU
		{770CA6E4-A689-45A9-A994-4009AAEACB32}.Test|Any CPU.ActiveCfg = Test|Any CPU
		{770CA6E4-A689-45A9-A994-4009AAEACB32}.Test|Any CPU.Build.0 = Test|Any CPU
		{2A97AE6B-8327-4594-9654-15B776D012A1}.Debug|Any CPU.ActiveCfg = Debug|Any CPU
		{2A97AE6B-8327-4594-9654-15B776D012A1}.Debug|Any CPU.Build.0 = Debug|Any CPU
		{2A97AE6B-8327-4594-9654-15B776D012A1}.Publish|Any CPU.ActiveCfg = Debug|Any CPU
		{2A97AE6B-8327-4594-9654-15B776D012A1}.Publish|Any CPU.Build.0 = Debug|Any CPU
		{2A97AE6B-8327-4594-9654-15B776D012A1}.Release|Any CPU.ActiveCfg = Release|Any CPU
		{2A97AE6B-8327-4594-9654-15B776D012A1}.Release|Any CPU.Build.0 = Release|Any CPU
		{2A97AE6B-8327-4594-9654-15B776D012A1}.Test|Any CPU.ActiveCfg = Debug|Any CPU
		{2A97AE6B-8327-4594-9654-15B776D012A1}.Test|Any CPU.Build.0 = Debug|Any CPU
	EndGlobalSection
	GlobalSection(SolutionProperties) = preSolution
		HideSolutionNode = FALSE
	EndGlobalSection
	GlobalSection(ExtensibilityGlobals) = postSolution
		SolutionGuid = {AA2E1478-2170-40E8-A3D6-8D32BFDE7365}
	EndGlobalSection
EndGlobal
